
Microsoft Visual Studio Solution File, Format Version 12.00
# Visual Studio Version 16
VisualStudioVersion = 16.0.30804.86
MinimumVisualStudioVersion = 10.0.40219.1
Project("{FAE04EC0-301F-11D3-BF4B-00C04F79EFBC}") = "ClassMethodDemo", "ClassMethodDemo\ClassMethodDemo.csproj", "{33672436-EC4A-44E6-8DDE-6103888D659A}"
EndProject
Global
	GlobalSection(SolutionConfigurationPlatforms) = preSolution
		Debug|Any CPU = Debug|Any CPU
		Release|Any CPU = Release|Any CPU
	EndGlobalSection
	GlobalSection(ProjectConfigurationPlatforms) = postSolution
		{33672436-EC4A-44E6-8DDE-6103888D659A}.Debug|Any CPU.ActiveCfg = Debug|Any CPU
		{33672436-EC4A-44E6-8DDE-6103888D659A}.Debug|Any CPU.Build.0 = Debug|Any CPU
		{33672436-EC4A-44E6-8DDE-6103888D659A}.Release|Any CPU.ActiveCfg = Release|Any CPU
		{33672436-EC4A-44E6-8DDE-6103888D659A}.Release|Any CPU.Build.0 = Release|Any CPU
	EndGlobalSection
	GlobalSection(SolutionProperties) = preSolution
		HideSolutionNode = FALSE
	EndGlobalSection
	GlobalSection(ExtensibilityGlobals) = postSolution
		SolutionGuid = {423C24C2-82F8-409E-B2A3-702E65EE9F88}
	EndGlobalSection
EndGlobal
